
Microsoft Visual Studio Solution File, Format Version 12.00
Project("{FAE04EC0-301F-11D3-BF4B-00C04F79EFBC}") = "Microservice.BackgroundJob", "Microservice.BackgroundJob\Microservice.BackgroundJob.csproj", "{66CFC36D-FCDF-48F6-9D9A-73A86F119C8D}"
EndProject
Global
	GlobalSection(SolutionConfigurationPlatforms) = preSolution
		Debug|Any CPU = Debug|Any CPU
		Release|Any CPU = Release|Any CPU
	EndGlobalSection
	GlobalSection(ProjectConfigurationPlatforms) = postSolution
		{66CFC36D-FCDF-48F6-9D9A-73A86F119C8D}.Debug|Any CPU.ActiveCfg = Debug|Any CPU
		{66CFC36D-FCDF-48F6-9D9A-73A86F119C8D}.Debug|Any CPU.Build.0 = Debug|Any CPU
		{66CFC36D-FCDF-48F6-9D9A-73A86F119C8D}.Release|Any CPU.ActiveCfg = Release|Any CPU
		{66CFC36D-FCDF-48F6-9D9A-73A86F119C8D}.Release|Any CPU.Build.0 = Release|Any CPU
	EndGlobalSection
EndGlobal
